{
    "compatTestCompile": {
        "com.jcraft:jsch": {
            "locked": "0.1.54",
            "requested": "[0.1.54,)"
        },
        "com.jcraft:jsch.agentproxy.core": {
            "locked": "0.0.9",
            "requested": "[0.0.9,)"
        },
        "com.jcraft:jsch.agentproxy.jsch": {
            "locked": "0.0.9",
            "requested": "[0.0.9,)"
        },
        "com.jcraft:jsch.agentproxy.pageant": {
            "locked": "0.0.9",
            "requested": "[0.0.9,)"
        },
        "com.jcraft:jsch.agentproxy.sshagent": {
            "locked": "0.0.9",
            "requested": "[0.0.9,)"
        },
        "com.jcraft:jsch.agentproxy.usocket-jna": {
            "locked": "0.0.9",
            "requested": "[0.0.9,)"
        },
        "com.jcraft:jsch.agentproxy.usocket-nc": {
            "locked": "0.0.9",
            "requested": "[0.0.9,)"
        },
        "junit:junit": {
            "locked": "4.12",
            "requested": "4.12"
        },
        "org.eclipse.jgit:org.eclipse.jgit": {
            "locked": "4.11.0.201803080745-r",
            "requested": "[4.8.0.201706111038-r,)"
        },
        "org.eclipse.jgit:org.eclipse.jgit.ui": {
            "locked": "4.11.0.201803080745-r",
            "requested": "[4.8.0.201706111038-r,)"
        },
        "org.spockframework:spock-core": {
            "locked": "1.1-groovy-2.4",
            "requested": "1.1-groovy-2.4"
        }
    },
    "compatTestCompileClasspath": {
        "com.jcraft:jsch": {
            "locked": "0.1.54",
            "requested": "[0.1.54,)"
        },
        "com.jcraft:jsch.agentproxy.core": {
            "locked": "0.0.9",
            "requested": "[0.0.9,)"
        },
        "com.jcraft:jsch.agentproxy.jsch": {
            "locked": "0.0.9",
            "requested": "[0.0.9,)"
        },
        "com.jcraft:jsch.agentproxy.pageant": {
            "locked": "0.0.9",
            "requested": "[0.0.9,)"
        },
        "com.jcraft:jsch.agentproxy.sshagent": {
            "locked": "0.0.9",
            "requested": "[0.0.9,)"
        },
        "com.jcraft:jsch.agentproxy.usocket-jna": {
            "locked": "0.0.9",
            "requested": "[0.0.9,)"
        },
        "com.jcraft:jsch.agentproxy.usocket-nc": {
            "locked": "0.0.9",
            "requested": "[0.0.9,)"
        },
        "junit:junit": {
            "locked": "4.12",
            "requested": "4.12"
        },
        "org.eclipse.jgit:org.eclipse.jgit": {
            "locked": "4.11.0.201803080745-r",
            "requested": "[4.8.0.201706111038-r,)"
        },
        "org.eclipse.jgit:org.eclipse.jgit.ui": {
            "locked": "4.11.0.201803080745-r",
            "requested": "[4.8.0.201706111038-r,)"
        },
        "org.spockframework:spock-core": {
            "locked": "1.1-groovy-2.4",
            "requested": "1.1-groovy-2.4"
        }
    },
    "compatTestRuntime": {
        "com.jcraft:jsch": {
            "locked": "0.1.54",
            "requested": "[0.1.54,)"
        },
        "com.jcraft:jsch.agentproxy.core": {
            "locked": "0.0.9",
            "requested": "[0.0.9,)"
        },
        "com.jcraft:jsch.agentproxy.jsch": {
            "locked": "0.0.9",
            "requested": "[0.0.9,)"
        },
        "com.jcraft:jsch.agentproxy.pageant": {
            "locked": "0.0.9",
            "requested": "[0.0.9,)"
        },
        "com.jcraft:jsch.agentproxy.sshagent": {
            "locked": "0.0.9",
            "requested": "[0.0.9,)"
        },
        "com.jcraft:jsch.agentproxy.usocket-jna": {
            "locked": "0.0.9",
            "requested": "[0.0.9,)"
        },
        "com.jcraft:jsch.agentproxy.usocket-nc": {
            "locked": "0.0.9",
            "requested": "[0.0.9,)"
        },
        "junit:junit": {
            "locked": "4.12",
            "requested": "4.12"
        },
        "org.eclipse.jgit:org.eclipse.jgit": {
            "locked": "4.11.0.201803080745-r",
            "requested": "[4.8.0.201706111038-r,)"
        },
        "org.eclipse.jgit:org.eclipse.jgit.ui": {
            "locked": "4.11.0.201803080745-r",
            "requested": "[4.8.0.201706111038-r,)"
        },
        "org.spockframework:spock-core": {
            "locked": "1.1-groovy-2.4",
            "requested": "1.1-groovy-2.4"
        }
    },
    "compatTestRuntimeClasspath": {
        "com.jcraft:jsch": {
            "locked": "0.1.54",
            "requested": "[0.1.54,)"
        },
        "com.jcraft:jsch.agentproxy.core": {
            "locked": "0.0.9",
            "requested": "[0.0.9,)"
        },
        "com.jcraft:jsch.agentproxy.jsch": {
            "locked": "0.0.9",
            "requested": "[0.0.9,)"
        },
        "com.jcraft:jsch.agentproxy.pageant": {
            "locked": "0.0.9",
            "requested": "[0.0.9,)"
        },
        "com.jcraft:jsch.agentproxy.sshagent": {
            "locked": "0.0.9",
            "requested": "[0.0.9,)"
        },
        "com.jcraft:jsch.agentproxy.usocket-jna": {
            "locked": "0.0.9",
            "requested": "[0.0.9,)"
        },
        "com.jcraft:jsch.agentproxy.usocket-nc": {
            "locked": "0.0.9",
            "requested": "[0.0.9,)"
        },
        "junit:junit": {
            "locked": "4.12",
            "requested": "4.12"
        },
        "org.eclipse.jgit:org.eclipse.jgit": {
            "locked": "4.11.0.201803080745-r",
            "requested": "[4.8.0.201706111038-r,)"
        },
        "org.eclipse.jgit:org.eclipse.jgit.ui": {
            "locked": "4.11.0.201803080745-r",
            "requested": "[4.8.0.201706111038-r,)"
        },
        "org.spockframework:spock-core": {
            "locked": "1.1-groovy-2.4",
            "requested": "1.1-groovy-2.4"
        }
    },
    "compile": {
        "com.jcraft:jsch": {
            "locked": "0.1.54",
            "requested": "[0.1.54,)"
        },
        "com.jcraft:jsch.agentproxy.core": {
            "locked": "0.0.9",
            "requested": "[0.0.9,)"
        },
        "com.jcraft:jsch.agentproxy.jsch": {
            "locked": "0.0.9",
            "requested": "[0.0.9,)"
        },
        "com.jcraft:jsch.agentproxy.pageant": {
            "locked": "0.0.9",
            "requested": "[0.0.9,)"
        },
        "com.jcraft:jsch.agentproxy.sshagent": {
            "locked": "0.0.9",
            "requested": "[0.0.9,)"
        },
        "com.jcraft:jsch.agentproxy.usocket-jna": {
            "locked": "0.0.9",
            "requested": "[0.0.9,)"
        },
        "com.jcraft:jsch.agentproxy.usocket-nc": {
            "locked": "0.0.9",
            "requested": "[0.0.9,)"
        },
        "org.eclipse.jgit:org.eclipse.jgit": {
            "locked": "4.11.0.201803080745-r",
            "requested": "[4.8.0.201706111038-r,)"
        },
        "org.eclipse.jgit:org.eclipse.jgit.ui": {
            "locked": "4.11.0.201803080745-r",
            "requested": "[4.8.0.201706111038-r,)"
        }
    },
    "compileClasspath": {
        "com.jcraft:jsch": {
            "locked": "0.1.54",
            "requested": "[0.1.54,)"
        },
        "com.jcraft:jsch.agentproxy.core": {
            "locked": "0.0.9",
            "requested": "[0.0.9,)"
        },
        "com.jcraft:jsch.agentproxy.jsch": {
            "locked": "0.0.9",
            "requested": "[0.0.9,)"
        },
        "com.jcraft:jsch.agentproxy.pageant": {
            "locked": "0.0.9",
            "requested": "[0.0.9,)"
        },
        "com.jcraft:jsch.agentproxy.sshagent": {
            "locked": "0.0.9",
            "requested": "[0.0.9,)"
        },
        "com.jcraft:jsch.agentproxy.usocket-jna": {
            "locked": "0.0.9",
            "requested": "[0.0.9,)"
        },
        "com.jcraft:jsch.agentproxy.usocket-nc": {
            "locked": "0.0.9",
            "requested": "[0.0.9,)"
        },
        "org.codehaus.groovy:groovy-all": {
            "project": true,
            "requested": "[2.4.0, 3.0.0)"
        },
        "org.eclipse.jgit:org.eclipse.jgit": {
            "locked": "4.11.0.201803080745-r",
            "requested": "[4.8.0.201706111038-r,)"
        },
        "org.eclipse.jgit:org.eclipse.jgit.ui": {
            "locked": "4.11.0.201803080745-r",
            "requested": "[4.8.0.201706111038-r,)"
        }
    },
    "compileOnly": {
        "org.codehaus.groovy:groovy-all": {
            "project": true,
            "requested": "[2.4.0, 3.0.0)"
        }
    },
    "default": {
        "com.jcraft:jsch": {
            "locked": "0.1.54",
            "requested": "[0.1.54,)"
        },
        "com.jcraft:jsch.agentproxy.core": {
            "locked": "0.0.9",
            "requested": "[0.0.9,)"
        },
        "com.jcraft:jsch.agentproxy.jsch": {
            "locked": "0.0.9",
            "requested": "[0.0.9,)"
        },
        "com.jcraft:jsch.agentproxy.pageant": {
            "locked": "0.0.9",
            "requested": "[0.0.9,)"
        },
        "com.jcraft:jsch.agentproxy.sshagent": {
            "locked": "0.0.9",
            "requested": "[0.0.9,)"
        },
        "com.jcraft:jsch.agentproxy.usocket-jna": {
            "locked": "0.0.9",
            "requested": "[0.0.9,)"
        },
        "com.jcraft:jsch.agentproxy.usocket-nc": {
            "locked": "0.0.9",
            "requested": "[0.0.9,)"
        },
        "org.eclipse.jgit:org.eclipse.jgit": {
            "locked": "4.11.0.201803080745-r",
            "requested": "[4.8.0.201706111038-r,)"
        },
        "org.eclipse.jgit:org.eclipse.jgit.ui": {
            "locked": "4.11.0.201803080745-r",
            "requested": "[4.8.0.201706111038-r,)"
        }
    },
    "jbake": {
        "de.neuland-bfi:jade4j": {
            "locked": "1.2.5",
            "requested": "1.2.5"
        },
        "org.asciidoctor:asciidoctorj": {
            "locked": "1.5.4.1",
            "requested": "1.5.4.1"
        },
        "org.codehaus.groovy:groovy-templates": {
            "project": true,
            "requested": "2.4.8"
        },
        "org.freemarker:freemarker": {
            "locked": "2.3.25-incubating",
            "requested": "2.3.25-incubating"
        },
        "org.jbake:jbake-core": {
            "locked": "2.5.1",
            "requested": "2.5.1"
        },
        "org.pegdown:pegdown": {
            "locked": "1.6.0",
            "requested": "1.6.0"
        },
        "org.thymeleaf:thymeleaf": {
            "locked": "3.0.3.RELEASE",
            "requested": "3.0.3.RELEASE"
        }
    },
    "runtime": {
        "com.jcraft:jsch": {
            "locked": "0.1.54",
            "requested": "[0.1.54,)"
        },
        "com.jcraft:jsch.agentproxy.core": {
            "locked": "0.0.9",
            "requested": "[0.0.9,)"
        },
        "com.jcraft:jsch.agentproxy.jsch": {
            "locked": "0.0.9",
            "requested": "[0.0.9,)"
        },
        "com.jcraft:jsch.agentproxy.pageant": {
            "locked": "0.0.9",
            "requested": "[0.0.9,)"
        },
        "com.jcraft:jsch.agentproxy.sshagent": {
            "locked": "0.0.9",
            "requested": "[0.0.9,)"
        },
        "com.jcraft:jsch.agentproxy.usocket-jna": {
            "locked": "0.0.9",
            "requested": "[0.0.9,)"
        },
        "com.jcraft:jsch.agentproxy.usocket-nc": {
            "locked": "0.0.9",
            "requested": "[0.0.9,)"
        },
        "org.eclipse.jgit:org.eclipse.jgit": {
            "locked": "4.11.0.201803080745-r",
            "requested": "[4.8.0.201706111038-r,)"
        },
        "org.eclipse.jgit:org.eclipse.jgit.ui": {
            "locked": "4.11.0.201803080745-r",
            "requested": "[4.8.0.201706111038-r,)"
        }
    },
    "runtimeClasspath": {
        "com.jcraft:jsch": {
            "locked": "0.1.54",
            "requested": "[0.1.54,)"
        },
        "com.jcraft:jsch.agentproxy.core": {
            "locked": "0.0.9",
            "requested": "[0.0.9,)"
        },
        "com.jcraft:jsch.agentproxy.jsch": {
            "locked": "0.0.9",
            "requested": "[0.0.9,)"
        },
        "com.jcraft:jsch.agentproxy.pageant": {
            "locked": "0.0.9",
            "requested": "[0.0.9,)"
        },
        "com.jcraft:jsch.agentproxy.sshagent": {
            "locked": "0.0.9",
            "requested": "[0.0.9,)"
        },
        "com.jcraft:jsch.agentproxy.usocket-jna": {
            "locked": "0.0.9",
            "requested": "[0.0.9,)"
        },
        "com.jcraft:jsch.agentproxy.usocket-nc": {
            "locked": "0.0.9",
            "requested": "[0.0.9,)"
        },
        "org.eclipse.jgit:org.eclipse.jgit": {
            "locked": "4.11.0.201803080745-r",
            "requested": "[4.8.0.201706111038-r,)"
        },
        "org.eclipse.jgit:org.eclipse.jgit.ui": {
            "locked": "4.11.0.201803080745-r",
            "requested": "[4.8.0.201706111038-r,)"
        }
    },
    "testCompile": {
        "com.jcraft:jsch": {
            "locked": "0.1.54",
            "requested": "[0.1.54,)"
        },
        "com.jcraft:jsch.agentproxy.core": {
            "locked": "0.0.9",
            "requested": "[0.0.9,)"
        },
        "com.jcraft:jsch.agentproxy.jsch": {
            "locked": "0.0.9",
            "requested": "[0.0.9,)"
        },
        "com.jcraft:jsch.agentproxy.pageant": {
            "locked": "0.0.9",
            "requested": "[0.0.9,)"
        },
        "com.jcraft:jsch.agentproxy.sshagent": {
            "locked": "0.0.9",
            "requested": "[0.0.9,)"
        },
        "com.jcraft:jsch.agentproxy.usocket-jna": {
            "locked": "0.0.9",
            "requested": "[0.0.9,)"
        },
        "com.jcraft:jsch.agentproxy.usocket-nc": {
            "locked": "0.0.9",
            "requested": "[0.0.9,)"
        },
        "junit:junit": {
            "locked": "4.12",
            "requested": "4.12"
        },
        "org.eclipse.jgit:org.eclipse.jgit": {
            "locked": "4.11.0.201803080745-r",
            "requested": "[4.8.0.201706111038-r,)"
        },
        "org.eclipse.jgit:org.eclipse.jgit.ui": {
            "locked": "4.11.0.201803080745-r",
            "requested": "[4.8.0.201706111038-r,)"
        },
        "org.spockframework:spock-core": {
            "locked": "1.1-groovy-2.4",
            "requested": "1.1-groovy-2.4"
        }
    },
    "testCompileClasspath": {
        "com.jcraft:jsch": {
            "locked": "0.1.54",
            "requested": "[0.1.54,)"
        },
        "com.jcraft:jsch.agentproxy.core": {
            "locked": "0.0.9",
            "requested": "[0.0.9,)"
        },
        "com.jcraft:jsch.agentproxy.jsch": {
            "locked": "0.0.9",
            "requested": "[0.0.9,)"
        },
        "com.jcraft:jsch.agentproxy.pageant": {
            "locked": "0.0.9",
            "requested": "[0.0.9,)"
        },
        "com.jcraft:jsch.agentproxy.sshagent": {
            "locked": "0.0.9",
            "requested": "[0.0.9,)"
        },
        "com.jcraft:jsch.agentproxy.usocket-jna": {
            "locked": "0.0.9",
            "requested": "[0.0.9,)"
        },
        "com.jcraft:jsch.agentproxy.usocket-nc": {
            "locked": "0.0.9",
            "requested": "[0.0.9,)"
        },
        "junit:junit": {
            "locked": "4.12",
            "requested": "4.12"
        },
        "org.eclipse.jgit:org.eclipse.jgit": {
            "locked": "4.11.0.201803080745-r",
            "requested": "[4.8.0.201706111038-r,)"
        },
        "org.eclipse.jgit:org.eclipse.jgit.ui": {
            "locked": "4.11.0.201803080745-r",
            "requested": "[4.8.0.201706111038-r,)"
        },
        "org.spockframework:spock-core": {
            "locked": "1.1-groovy-2.4",
            "requested": "1.1-groovy-2.4"
        }
    },
    "testRuntime": {
        "com.jcraft:jsch": {
            "locked": "0.1.54",
            "requested": "[0.1.54,)"
        },
        "com.jcraft:jsch.agentproxy.core": {
            "locked": "0.0.9",
            "requested": "[0.0.9,)"
        },
        "com.jcraft:jsch.agentproxy.jsch": {
            "locked": "0.0.9",
            "requested": "[0.0.9,)"
        },
        "com.jcraft:jsch.agentproxy.pageant": {
            "locked": "0.0.9",
            "requested": "[0.0.9,)"
        },
        "com.jcraft:jsch.agentproxy.sshagent": {
            "locked": "0.0.9",
            "requested": "[0.0.9,)"
        },
        "com.jcraft:jsch.agentproxy.usocket-jna": {
            "locked": "0.0.9",
            "requested": "[0.0.9,)"
        },
        "com.jcraft:jsch.agentproxy.usocket-nc": {
            "locked": "0.0.9",
            "requested": "[0.0.9,)"
        },
        "junit:junit": {
            "locked": "4.12",
            "requested": "4.12"
        },
        "org.eclipse.jgit:org.eclipse.jgit": {
            "locked": "4.11.0.201803080745-r",
            "requested": "[4.8.0.201706111038-r,)"
        },
        "org.eclipse.jgit:org.eclipse.jgit.ui": {
            "locked": "4.11.0.201803080745-r",
            "requested": "[4.8.0.201706111038-r,)"
        },
        "org.spockframework:spock-core": {
            "locked": "1.1-groovy-2.4",
            "requested": "1.1-groovy-2.4"
        }
    },
    "testRuntimeClasspath": {
        "com.jcraft:jsch": {
            "locked": "0.1.54",
            "requested": "[0.1.54,)"
        },
        "com.jcraft:jsch.agentproxy.core": {
            "locked": "0.0.9",
            "requested": "[0.0.9,)"
        },
        "com.jcraft:jsch.agentproxy.jsch": {
            "locked": "0.0.9",
            "requested": "[0.0.9,)"
        },
        "com.jcraft:jsch.agentproxy.pageant": {
            "locked": "0.0.9",
            "requested": "[0.0.9,)"
        },
        "com.jcraft:jsch.agentproxy.sshagent": {
            "locked": "0.0.9",
            "requested": "[0.0.9,)"
        },
        "com.jcraft:jsch.agentproxy.usocket-jna": {
            "locked": "0.0.9",
            "requested": "[0.0.9,)"
        },
        "com.jcraft:jsch.agentproxy.usocket-nc": {
            "locked": "0.0.9",
            "requested": "[0.0.9,)"
        },
        "junit:junit": {
            "locked": "4.12",
            "requested": "4.12"
        },
        "org.eclipse.jgit:org.eclipse.jgit": {
            "locked": "4.11.0.201803080745-r",
            "requested": "[4.8.0.201706111038-r,)"
        },
        "org.eclipse.jgit:org.eclipse.jgit.ui": {
            "locked": "4.11.0.201803080745-r",
            "requested": "[4.8.0.201706111038-r,)"
        },
        "org.spockframework:spock-core": {
            "locked": "1.1-groovy-2.4",
            "requested": "1.1-groovy-2.4"
        }
    }
}